# THIS IS AN AUTOGENERATED FILE. DO NOT EDIT THIS FILE DIRECTLY.
# yarn lockfile v1


"@types/node@^17.0.31":
  version "17.0.45"
  resolved "https://registry.yarnpkg.com/@types/node/-/node-17.0.45.tgz#2c0fafd78705e7a18b7906b5201a522719dc5190"
  integrity sha512-w+tIMs3rq2afQdsPJlODhoUEKzFP1ayaoyl1CcnwtIlsVe7K7bA1NGm4s3PraqTLlXnbIN84zuBlxBWo1u9BLw==

assemblyscript@^0.25.2:
  version "0.25.2"
  resolved "https://registry.yarnpkg.com/assemblyscript/-/assemblyscript-0.25.2.tgz#49de9cac3d2657d6419f4214e33c3de6253daa83"
  integrity sha512-67TQOMvKo23htvSK6lhOzsoQjnplNKkdwgq925uBvQZLDbg9pHfAWhg/R8i8tqKrtk6GH8haOJbQY4oNSQqehA==
  dependencies:
    binaryen "110.0.0-nightly.20221105"
    long "^5.2.0"

binaryen@110.0.0-nightly.20221105:
  version "110.0.0-nightly.20221105"
  resolved "https://registry.yarnpkg.com/binaryen/-/binaryen-110.0.0-nightly.20221105.tgz#9e3c47e8ffa31521acd125013dca3ceea143d0bf"
  integrity sha512-OBESOc51q3SwgG8Uv8nMzGnSq7LJpSB/Fu8B3AjlZg6YtCEwRnlDWlnwNB6mdql+VdexfKmNcsrs4K7MYidmdQ==

long@^5.2.0:
  version "5.2.1"
  resolved "https://registry.yarnpkg.com/long/-/long-5.2.1.tgz#e27595d0083d103d2fa2c20c7699f8e0c92b897f"
  integrity sha512-GKSNGeNAtw8IryjjkhZxuKB3JzlcLTwjtiQCHKvqQet81I93kXslhDQruGI/QsddO83mcDToBVy7GqGS/zYf/A==

typescript@^4.6.4:
  version "4.8.3"
  resolved "https://registry.yarnpkg.com/typescript/-/typescript-4.8.3.tgz#d59344522c4bc464a65a730ac695007fdb66dd88"
  integrity sha512-goMHfm00nWPa8UvR/CPSvykqf6dVV8x/dp0c5mFTMTIu0u0FlGWRioyy7Nn0PGAdHxpJZnuO/ut+PpQ8UiHAig==
